{
  "nodes": {
    "nix-hug": {
      "inputs": {
        "nixpkgs": [
          "nixpkgs"
        ]
      },
      "locked": {
        "lastModified": 1772588253,
        "narHash": "sha256-87QJSsNAtiVd/eAPfdu97MBihCeGe5b34bJ/TPN4fq4=",
        "owner": "longregen",
        "repo": "nix-hug",
        "rev": "e0befd1c1e55cc05c283a8ada8ffaa1212909636",
        "type": "github"
      },
      "original": {
        "owner": "longregen",
        "repo": "nix-hug",
        "type": "github"
      }
    },
    "nixpkgs": {
      "locked": {
        "lastModified": 1773779274,
        "narHash": "sha256-gLTYd5xhxpzthw8ZpYlHiWs/7sv0l7Osr2t9yFYKnX8=",
        "owner": "NixOS",
        "repo": "nixpkgs",
        "rev": "94703407fd11bf08258945bae6445fbd1e373992",
        "type": "github"
      },
      "original": {
        "owner": "NixOS",
        "repo": "nixpkgs",
        "type": "github"
      }
    },
    "root": {
      "inputs": {
        "nix-hug": "nix-hug",
        "nixpkgs": "nixpkgs"
      }
    }
  },
  "root": "root",
  "version": 7
}
