{
  "nodes": {
    "flake-utils": {
      "inputs": {
        "systems": "systems"
      },
      "locked": {
        "lastModified": 1731533236,
        "narHash": "sha256-l0KFg5HjrsfsO/JpG+r7fRrqm12kzFHyUHqHCVpMMbI=",
        "ref": "refs/heads/main",
        "rev": "11707dc2f618dd54ca8739b309ec4fc024de578b",
        "revCount": 102,
        "type": "git",
        "url": "ssh://gitea/mirrors/flake-utils"
      },
      "original": {
        "type": "git",
        "url": "ssh://gitea/mirrors/flake-utils"
      }
    },
    "flake-utils_2": {
      "inputs": {
        "systems": "systems_2"
      },
      "locked": {
        "lastModified": 1731533236,
        "narHash": "sha256-l0KFg5HjrsfsO/JpG+r7fRrqm12kzFHyUHqHCVpMMbI=",
        "owner": "numtide",
        "repo": "flake-utils",
        "rev": "11707dc2f618dd54ca8739b309ec4fc024de578b",
        "type": "github"
      },
      "original": {
        "owner": "numtide",
        "repo": "flake-utils",
        "type": "github"
      }
    },
    "nix-hug": {
      "inputs": {
        "flake-utils": "flake-utils_2",
        "nixpkgs": [
          "nixpkgs"
        ]
      },
      "locked": {
        "lastModified": 1751568768,
        "narHash": "sha256-rCl8zYFkMHka+I4SjnSLy3xF+swnLG800B5beNJBtdM=",
        "owner": "longregen",
        "repo": "nix-hug",
        "rev": "384b0cc868f42acf5898d5120bef655faebb9fd6",
        "type": "github"
      },
      "original": {
        "owner": "longregen",
        "repo": "nix-hug",
        "type": "github"
      }
    },
    "nixpkgs": {
      "locked": {
        "lastModified": 1756754095,
        "narHash": "sha256-9Rsn9XEWINExosFkKEqdp8EI6Mujr1gmQiyrEcts2ls=",
        "ref": "refs/heads/nixos-25.05",
        "rev": "7c815e513adbf03c9098b2bd230c1e0525c8a7f9",
        "shallow": true,
        "type": "git",
        "url": "ssh://gitea/mirrors/nixpkgs"
      },
      "original": {
        "shallow": true,
        "type": "git",
        "url": "ssh://gitea/mirrors/nixpkgs"
      }
    },
    "root": {
      "inputs": {
        "flake-utils": "flake-utils",
        "nix-hug": "nix-hug",
        "nixpkgs": "nixpkgs"
      }
    },
    "systems": {
      "locked": {
        "lastModified": 1681028828,
        "narHash": "sha256-Vy1rq5AaRuLzOxct8nz4T6wlgyUR7zLU309k9mBC768=",
        "owner": "nix-systems",
        "repo": "default",
        "rev": "da67096a3b9bf56a91d16901293e51ba5b49a27e",
        "type": "github"
      },
      "original": {
        "owner": "nix-systems",
        "repo": "default",
        "type": "github"
      }
    },
    "systems_2": {
      "locked": {
        "lastModified": 1681028828,
        "narHash": "sha256-Vy1rq5AaRuLzOxct8nz4T6wlgyUR7zLU309k9mBC768=",
        "owner": "nix-systems",
        "repo": "default",
        "rev": "da67096a3b9bf56a91d16901293e51ba5b49a27e",
        "type": "github"
      },
      "original": {
        "owner": "nix-systems",
        "repo": "default",
        "type": "github"
      }
    }
  },
  "root": "root",
  "version": 7
}
